github.com/BurntSushi/toml v1.2.1 h1:9F2/+DoOYIOksmaJFPw1tGFy1eDnIJXg+UHjuD8lTak=
github.com/BurntSushi/toml v1.2.1/go.mod h1:CxXYINrC8qIiEnFrOxCa7Jy5BFHlXnUU2pbicEuybxQ=
github.com/go-sql-driver/mysql v1.7.1 h1:lUIinVbN1DY0xBg0eMOzmmtGoHwWBbvnWubQUrtU8EI=
github.com/go-sql-driver/mysql v1.7.1/go.mod h1:OXbVy3sEdcQ2Doequ6Z5BW6fXNQTmx+9S1MCJN5yJMI=
golang.org/x/tools v0.12.1-0.20230825192346-2191a27a6dc5 h1:Vk4mysSz+GqQK2eqgWbo4zEO89wkeAjJiFIr9bpqa8k=
golang.org/x/tools v0.12.1-0.20230825192346-2191a27a6dc5/go.mod h1:Sc0INKfu04TlqNoRA1hgpFZbhYXHPr4V5DzpSBTPqQM=
honnef.co/go/tools v0.4.6 h1:oFEHCKeID7to/3autwsWfnuv69j3NsfcXbvJKuIcep8=
honnef.co/go/tools v0.4.6/go.mod h1:+rnGS1THNh8zMwnd2oVOTL9QF6vmfyG6ZXBULae2uc0=
